
Microsoft Visual Studio Solution File, Format Version 12.00
# Visual Studio Version 17
VisualStudioVersion = 17.11.35327.3
MinimumVisualStudioVersion = 10.0.40219.1
Project("{FAE04EC0-301F-11D3-BF4B-00C04F79EFBC}") = "1", "1.csproj", "{C4DB62DE-CBBF-44D1-A243-9D91E4FC2136}"
EndProject
Project("{FAE04EC0-301F-11D3-BF4B-00C04F79EFBC}") = "2", "..\2\2.csproj", "{E748DC99-25AF-4642-91C4-5CABFA4B8A81}"
EndProject
Project("{FAE04EC0-301F-11D3-BF4B-00C04F79EFBC}") = "3", "..\3\3.csproj", "{728370E8-A8EC-4CC0-B3EA-C8C9D6F0C038}"
EndProject
Project("{FAE04EC0-301F-11D3-BF4B-00C04F79EFBC}") = "4", "..\4\4.csproj", "{036291FF-FDE1-4CC9-BB8E-92E6BC00D332}"
EndProject
Project("{FAE04EC0-301F-11D3-BF4B-00C04F79EFBC}") = "5", "..\5\5.csproj", "{64CD91B2-2101-49E6-8F5F-EB5C6F663D25}"
EndProject
Project("{FAE04EC0-301F-11D3-BF4B-00C04F79EFBC}") = "6", "..\6\6.csproj", "{F93BFD03-3354-4D25-A519-354D96CABB5C}"
EndProject
Project("{FAE04EC0-301F-11D3-BF4B-00C04F79EFBC}") = "7", "..\7\7.csproj", "{CABC9362-5D22-4EA2-A6EB-1D77BACE01D9}"
EndProject
Project("{FAE04EC0-301F-11D3-BF4B-00C04F79EFBC}") = "8", "..\8\8.csproj", "{4016CD29-24F0-47AF-923D-BA9815BF7C23}"
EndProject
Project("{FAE04EC0-301F-11D3-BF4B-00C04F79EFBC}") = "9", "..\9\9.csproj", "{4C037122-F51A-493E-AF05-22587F548C44}"
EndProject
Project("{FAE04EC0-301F-11D3-BF4B-00C04F79EFBC}") = "10", "..\10\10.csproj", "{32BBEDC2-E535-4DEC-AC3A-7F268247738F}"
EndProject
Project("{FAE04EC0-301F-11D3-BF4B-00C04F79EFBC}") = "11", "..\11\11.csproj", "{B939DF3A-361E-4E39-B201-4E32461D4B51}"
EndProject
Project("{FAE04EC0-301F-11D3-BF4B-00C04F79EFBC}") = "12", "..\12\12.csproj", "{409FA015-BCA0-4136-88F3-DECA0F82C817}"
EndProject
Project("{FAE04EC0-301F-11D3-BF4B-00C04F79EFBC}") = "13", "..\13\13.csproj", "{930DD5B1-EC32-4735-BF9C-1A11261CD865}"
EndProject
Project("{FAE04EC0-301F-11D3-BF4B-00C04F79EFBC}") = "14", "..\14\14.csproj", "{41553E0F-9679-43DC-AB0D-FC3472019887}"
EndProject
Project("{FAE04EC0-301F-11D3-BF4B-00C04F79EFBC}") = "15", "..\15\15.csproj", "{4664991D-D949-402B-A334-BAA77945FCF8}"
EndProject
Project("{FAE04EC0-301F-11D3-BF4B-00C04F79EFBC}") = "16", "..\16\16.csproj", "{E3437AF2-378A-4C50-B87A-6E5BB2196197}"
EndProject
Project("{FAE04EC0-301F-11D3-BF4B-00C04F79EFBC}") = "17", "..\17\17.csproj", "{4CF0229A-255B-4CB1-A40C-B6FC427B4AD7}"
EndProject
Project("{FAE04EC0-301F-11D3-BF4B-00C04F79EFBC}") = "18", "..\18\18.csproj", "{B2DD0DF1-0D5D-4719-84B1-8C606858D3FC}"
EndProject
Project("{FAE04EC0-301F-11D3-BF4B-00C04F79EFBC}") = "19", "..\19\19.csproj", "{E932D0A1-E429-4DFF-ADBB-523B46CE9A35}"
EndProject
Project("{FAE04EC0-301F-11D3-BF4B-00C04F79EFBC}") = "20", "..\20\20.csproj", "{CF1A100A-0154-4621-BBCA-2BDD6F4081D0}"
EndProject
Global
	GlobalSection(SolutionConfigurationPlatforms) = preSolution
		Debug|Any CPU = Debug|Any CPU
		Release|Any CPU = Release|Any CPU
	EndGlobalSection
	GlobalSection(ProjectConfigurationPlatforms) = postSolution
		{C4DB62DE-CBBF-44D1-A243-9D91E4FC2136}.Debug|Any CPU.ActiveCfg = Debug|Any CPU
		{C4DB62DE-CBBF-44D1-A243-9D91E4FC2136}.Debug|Any CPU.Build.0 = Debug|Any CPU
		{C4DB62DE-CBBF-44D1-A243-9D91E4FC2136}.Release|Any CPU.ActiveCfg = Release|Any CPU
		{C4DB62DE-CBBF-44D1-A243-9D91E4FC2136}.Release|Any CPU.Build.0 = Release|Any CPU
		{E748DC99-25AF-4642-91C4-5CABFA4B8A81}.Debug|Any CPU.ActiveCfg = Debug|Any CPU
		{E748DC99-25AF-4642-91C4-5CABFA4B8A81}.Debug|Any CPU.Build.0 = Debug|Any CPU
		{E748DC99-25AF-4642-91C4-5CABFA4B8A81}.Release|Any CPU.ActiveCfg = Release|Any CPU
		{E748DC99-25AF-4642-91C4-5CABFA4B8A81}.Release|Any CPU.Build.0 = Release|Any CPU
		{728370E8-A8EC-4CC0-B3EA-C8C9D6F0C038}.Debug|Any CPU.ActiveCfg = Debug|Any CPU
		{728370E8-A8EC-4CC0-B3EA-C8C9D6F0C038}.Debug|Any CPU.Build.0 = Debug|Any CPU
		{728370E8-A8EC-4CC0-B3EA-C8C9D6F0C038}.Release|Any CPU.ActiveCfg = Release|Any CPU
		{728370E8-A8EC-4CC0-B3EA-C8C9D6F0C038}.Release|Any CPU.Build.0 = Release|Any CPU
		{036291FF-FDE1-4CC9-BB8E-92E6BC00D332}.Debug|Any CPU.ActiveCfg = Debug|Any CPU
		{036291FF-FDE1-4CC9-BB8E-92E6BC00D332}.Debug|Any CPU.Build.0 = Debug|Any CPU
		{036291FF-FDE1-4CC9-BB8E-92E6BC00D332}.Release|Any CPU.ActiveCfg = Release|Any CPU
		{036291FF-FDE1-4CC9-BB8E-92E6BC00D332}.Release|Any CPU.Build.0 = Release|Any CPU
		{64CD91B2-2101-49E6-8F5F-EB5C6F663D25}.Debug|Any CPU.ActiveCfg = Debug|Any CPU
		{64CD91B2-2101-49E6-8F5F-EB5C6F663D25}.Debug|Any CPU.Build.0 = Debug|Any CPU
		{64CD91B2-2101-49E6-8F5F-EB5C6F663D25}.Release|Any CPU.ActiveCfg = Release|Any CPU
		{64CD91B2-2101-49E6-8F5F-EB5C6F663D25}.Release|Any CPU.Build.0 = Release|Any CPU
		{F93BFD03-3354-4D25-A519-354D96CABB5C}.Debug|Any CPU.ActiveCfg = Debug|Any CPU
		{F93BFD03-3354-4D25-A519-354D96CABB5C}.Debug|Any CPU.Build.0 = Debug|Any CPU
		{F93BFD03-3354-4D25-A519-354D96CABB5C}.Release|Any CPU.ActiveCfg = Release|Any CPU
		{F93BFD03-3354-4D25-A519-354D96CABB5C}.Release|Any CPU.Build.0 = Release|Any CPU
		{CABC9362-5D22-4EA2-A6EB-1D77BACE01D9}.Debug|Any CPU.ActiveCfg = Debug|Any CPU
		{CABC9362-5D22-4EA2-A6EB-1D77BACE01D9}.Debug|Any CPU.Build.0 = Debug|Any CPU
		{CABC9362-5D22-4EA2-A6EB-1D77BACE01D9}.Release|Any CPU.ActiveCfg = Release|Any CPU
		{CABC9362-5D22-4EA2-A6EB-1D77BACE01D9}.Release|Any CPU.Build.0 = Release|Any CPU
		{4016CD29-24F0-47AF-923D-BA9815BF7C23}.Debug|Any CPU.ActiveCfg = Debug|Any CPU
		{4016CD29-24F0-47AF-923D-BA9815BF7C23}.Debug|Any CPU.Build.0 = Debug|Any CPU
		{4016CD29-24F0-47AF-923D-BA9815BF7C23}.Release|Any CPU.ActiveCfg = Release|Any CPU
		{4016CD29-24F0-47AF-923D-BA9815BF7C23}.Release|Any CPU.Build.0 = Release|Any CPU
		{4C037122-F51A-493E-AF05-22587F548C44}.Debug|Any CPU.ActiveCfg = Debug|Any CPU
		{4C037122-F51A-493E-AF05-22587F548C44}.Debug|Any CPU.Build.0 = Debug|Any CPU
		{4C037122-F51A-493E-AF05-22587F548C44}.Release|Any CPU.ActiveCfg = Release|Any CPU
		{4C037122-F51A-493E-AF05-22587F548C44}.Release|Any CPU.Build.0 = Release|Any CPU
		{32BBEDC2-E535-4DEC-AC3A-7F268247738F}.Debug|Any CPU.ActiveCfg = Debug|Any CPU
		{32BBEDC2-E535-4DEC-AC3A-7F268247738F}.Debug|Any CPU.Build.0 = Debug|Any CPU
		{32BBEDC2-E535-4DEC-AC3A-7F268247738F}.Release|Any CPU.ActiveCfg = Release|Any CPU
		{32BBEDC2-E535-4DEC-AC3A-7F268247738F}.Release|Any CPU.Build.0 = Release|Any CPU
		{B939DF3A-361E-4E39-B201-4E32461D4B51}.Debug|Any CPU.ActiveCfg = Debug|Any CPU
		{B939DF3A-361E-4E39-B201-4E32461D4B51}.Debug|Any CPU.Build.0 = Debug|Any CPU
		{B939DF3A-361E-4E39-B201-4E32461D4B51}.Release|Any CPU.ActiveCfg = Release|Any CPU
		{B939DF3A-361E-4E39-B201-4E32461D4B51}.Release|Any CPU.Build.0 = Release|Any CPU
		{409FA015-BCA0-4136-88F3-DECA0F82C817}.Debug|Any CPU.ActiveCfg = Debug|Any CPU
		{409FA015-BCA0-4136-88F3-DECA0F82C817}.Debug|Any CPU.Build.0 = Debug|Any CPU
		{409FA015-BCA0-4136-88F3-DECA0F82C817}.Release|Any CPU.ActiveCfg = Release|Any CPU
		{409FA015-BCA0-4136-88F3-DECA0F82C817}.Release|Any CPU.Build.0 = Release|Any CPU
		{930DD5B1-EC32-4735-BF9C-1A11261CD865}.Debug|Any CPU.ActiveCfg = Debug|Any CPU
		{930DD5B1-EC32-4735-BF9C-1A11261CD865}.Debug|Any CPU.Build.0 = Debug|Any CPU
		{930DD5B1-EC32-4735-BF9C-1A11261CD865}.Release|Any CPU.ActiveCfg = Release|Any CPU
		{930DD5B1-EC32-4735-BF9C-1A11261CD865}.Release|Any CPU.Build.0 = Release|Any CPU
		{41553E0F-9679-43DC-AB0D-FC3472019887}.Debug|Any CPU.ActiveCfg = Debug|Any CPU
		{41553E0F-9679-43DC-AB0D-FC3472019887}.Debug|Any CPU.Build.0 = Debug|Any CPU
		{41553E0F-9679-43DC-AB0D-FC3472019887}.Release|Any CPU.ActiveCfg = Release|Any CPU
		{41553E0F-9679-43DC-AB0D-FC3472019887}.Release|Any CPU.Build.0 = Release|Any CPU
		{4664991D-D949-402B-A334-BAA77945FCF8}.Debug|Any CPU.ActiveCfg = Debug|Any CPU
		{4664991D-D949-402B-A334-BAA77945FCF8}.Debug|Any CPU.Build.0 = Debug|Any CPU
		{4664991D-D949-402B-A334-BAA77945FCF8}.Release|Any CPU.ActiveCfg = Release|Any CPU
		{4664991D-D949-402B-A334-BAA77945FCF8}.Release|Any CPU.Build.0 = Release|Any CPU
		{E3437AF2-378A-4C50-B87A-6E5BB2196197}.Debug|Any CPU.ActiveCfg = Debug|Any CPU
		{E3437AF2-378A-4C50-B87A-6E5BB2196197}.Debug|Any CPU.Build.0 = Debug|Any CPU
		{E3437AF2-378A-4C50-B87A-6E5BB2196197}.Release|Any CPU.ActiveCfg = Release|Any CPU
		{E3437AF2-378A-4C50-B87A-6E5BB2196197}.Release|Any CPU.Build.0 = Release|Any CPU
		{4CF0229A-255B-4CB1-A40C-B6FC427B4AD7}.Debug|Any CPU.ActiveCfg = Debug|Any CPU
		{4CF0229A-255B-4CB1-A40C-B6FC427B4AD7}.Debug|Any CPU.Build.0 = Debug|Any CPU
		{4CF0229A-255B-4CB1-A40C-B6FC427B4AD7}.Release|Any CPU.ActiveCfg = Release|Any CPU
		{4CF0229A-255B-4CB1-A40C-B6FC427B4AD7}.Release|Any CPU.Build.0 = Release|Any CPU
		{B2DD0DF1-0D5D-4719-84B1-8C606858D3FC}.Debug|Any CPU.ActiveCfg = Debug|Any CPU
		{B2DD0DF1-0D5D-4719-84B1-8C606858D3FC}.Debug|Any CPU.Build.0 = Debug|Any CPU
		{B2DD0DF1-0D5D-4719-84B1-8C606858D3FC}.Release|Any CPU.ActiveCfg = Release|Any CPU
		{B2DD0DF1-0D5D-4719-84B1-8C606858D3FC}.Release|Any CPU.Build.0 = Release|Any CPU
		{E932D0A1-E429-4DFF-ADBB-523B46CE9A35}.Debug|Any CPU.ActiveCfg = Debug|Any CPU
		{E932D0A1-E429-4DFF-ADBB-523B46CE9A35}.Debug|Any CPU.Build.0 = Debug|Any CPU
		{E932D0A1-E429-4DFF-ADBB-523B46CE9A35}.Release|Any CPU.ActiveCfg = Release|Any CPU
		{E932D0A1-E429-4DFF-ADBB-523B46CE9A35}.Release|Any CPU.Build.0 = Release|Any CPU
		{CF1A100A-0154-4621-BBCA-2BDD6F4081D0}.Debug|Any CPU.ActiveCfg = Debug|Any CPU
		{CF1A100A-0154-4621-BBCA-2BDD6F4081D0}.Debug|Any CPU.Build.0 = Debug|Any CPU
		{CF1A100A-0154-4621-BBCA-2BDD6F4081D0}.Release|Any CPU.ActiveCfg = Release|Any CPU
		{CF1A100A-0154-4621-BBCA-2BDD6F4081D0}.Release|Any CPU.Build.0 = Release|Any CPU
	EndGlobalSection
	GlobalSection(SolutionProperties) = preSolution
		HideSolutionNode = FALSE
	EndGlobalSection
	GlobalSection(ExtensibilityGlobals) = postSolution
		SolutionGuid = {5318BFA0-BFD5-41E3-B38E-0DB66D74ACED}
	EndGlobalSection
EndGlobal
